
Microsoft Visual Studio Solution File, Format Version 12.00
# Visual Studio Version 16
VisualStudioVersion = 16.0.30503.244
MinimumVisualStudioVersion = 10.0.40219.1
Project("{2150E333-8FDC-42A3-9474-1A3956D46DE8}") = "src", "src", "{ECA574CF-590F-48E9-A227-7EC4F5CD2A4D}"
EndProject
Project("{2150E333-8FDC-42A3-9474-1A3956D46DE8}") = "test", "test", "{D20A8643-B101-471B-B03A-F0E5278FD2C3}"
EndProject
Project("{2150E333-8FDC-42A3-9474-1A3956D46DE8}") = "api", "api", "{02E07036-AFF3-44C8-A8C4-D2A1937989D6}"
EndProject
Project("{9A19103F-16F7-4668-BE54-9A1E7A4F7556}") = "api", "src\api\api.csproj", "{9E3F4A90-3C5E-42E0-B1AD-D6AB61442242}"
EndProject
Project("{2150E333-8FDC-42A3-9474-1A3956D46DE8}") = "api.core", "api.core", "{56A93BDC-1627-4B69-A84F-D0BB18671958}"
EndProject
Project("{9A19103F-16F7-4668-BE54-9A1E7A4F7556}") = "api.core", "src\api.core\api.core.csproj", "{23EA6D0B-18AC-424E-A96D-A3947A412C5C}"
EndProject
Project("{2150E333-8FDC-42A3-9474-1A3956D46DE8}") = "infrastructure", "infrastructure", "{461BD6DA-40AD-461F-9F49-9DA007E983EB}"
EndProject
Project("{9A19103F-16F7-4668-BE54-9A1E7A4F7556}") = "Api.Core.UnitTest", "test\Api.Core.UnitTest\Api.Core.UnitTest.csproj", "{2C0D1ECB-C51B-4698-933D-55328A13FE13}"
EndProject
Project("{2150E333-8FDC-42A3-9474-1A3956D46DE8}") = "entities", "entities", "{653EA582-93CC-434B-A294-022ED88763BA}"
EndProject
Project("{2150E333-8FDC-42A3-9474-1A3956D46DE8}") = "repositories", "repositories", "{60B4C51D-02F5-4132-898C-05B701711C9B}"
EndProject
Project("{9A19103F-16F7-4668-BE54-9A1E7A4F7556}") = "Api.Entities", "src\entities\Api.Entities.csproj", "{A73692BD-C953-45B8-AE66-6864D8997E84}"
EndProject
Project("{9A19103F-16F7-4668-BE54-9A1E7A4F7556}") = "Api.Repositories", "src\repositories\Api.Repositories.csproj", "{9C45BCB5-0882-40DB-8178-8C5804824FAC}"
EndProject
Project("{FAE04EC0-301F-11D3-BF4B-00C04F79EFBC}") = "Api.IntegrationTest", "test\Api.IntegrationTest\Api.IntegrationTest.csproj", "{E4FD616C-BD7A-439C-82DF-B0712F09C995}"
EndProject
Project("{9A19103F-16F7-4668-BE54-9A1E7A4F7556}") = "Xero.Common.Infrastructure", "src\infrastructure\Xero.Common.Infrastructure.csproj", "{3A0240DE-2B25-4544-BB57-7E87887D2BC0}"
EndProject
Global
	GlobalSection(SolutionConfigurationPlatforms) = preSolution
		Debug|Any CPU = Debug|Any CPU
		Release|Any CPU = Release|Any CPU
	EndGlobalSection
	GlobalSection(ProjectConfigurationPlatforms) = postSolution
		{9E3F4A90-3C5E-42E0-B1AD-D6AB61442242}.Debug|Any CPU.ActiveCfg = Debug|Any CPU
		{9E3F4A90-3C5E-42E0-B1AD-D6AB61442242}.Debug|Any CPU.Build.0 = Debug|Any CPU
		{9E3F4A90-3C5E-42E0-B1AD-D6AB61442242}.Release|Any CPU.ActiveCfg = Release|Any CPU
		{9E3F4A90-3C5E-42E0-B1AD-D6AB61442242}.Release|Any CPU.Build.0 = Release|Any CPU
		{23EA6D0B-18AC-424E-A96D-A3947A412C5C}.Debug|Any CPU.ActiveCfg = Debug|Any CPU
		{23EA6D0B-18AC-424E-A96D-A3947A412C5C}.Debug|Any CPU.Build.0 = Debug|Any CPU
		{23EA6D0B-18AC-424E-A96D-A3947A412C5C}.Release|Any CPU.ActiveCfg = Release|Any CPU
		{23EA6D0B-18AC-424E-A96D-A3947A412C5C}.Release|Any CPU.Build.0 = Release|Any CPU
		{2C0D1ECB-C51B-4698-933D-55328A13FE13}.Debug|Any CPU.ActiveCfg = Debug|Any CPU
		{2C0D1ECB-C51B-4698-933D-55328A13FE13}.Debug|Any CPU.Build.0 = Debug|Any CPU
		{2C0D1ECB-C51B-4698-933D-55328A13FE13}.Release|Any CPU.ActiveCfg = Release|Any CPU
		{2C0D1ECB-C51B-4698-933D-55328A13FE13}.Release|Any CPU.Build.0 = Release|Any CPU
		{A73692BD-C953-45B8-AE66-6864D8997E84}.Debug|Any CPU.ActiveCfg = Debug|Any CPU
		{A73692BD-C953-45B8-AE66-6864D8997E84}.Debug|Any CPU.Build.0 = Debug|Any CPU
		{A73692BD-C953-45B8-AE66-6864D8997E84}.Release|Any CPU.ActiveCfg = Release|Any CPU
		{A73692BD-C953-45B8-AE66-6864D8997E84}.Release|Any CPU.Build.0 = Release|Any CPU
		{9C45BCB5-0882-40DB-8178-8C5804824FAC}.Debug|Any CPU.ActiveCfg = Debug|Any CPU
		{9C45BCB5-0882-40DB-8178-8C5804824FAC}.Debug|Any CPU.Build.0 = Debug|Any CPU
		{9C45BCB5-0882-40DB-8178-8C5804824FAC}.Release|Any CPU.ActiveCfg = Release|Any CPU
		{9C45BCB5-0882-40DB-8178-8C5804824FAC}.Release|Any CPU.Build.0 = Release|Any CPU
		{E4FD616C-BD7A-439C-82DF-B0712F09C995}.Debug|Any CPU.ActiveCfg = Debug|Any CPU
		{E4FD616C-BD7A-439C-82DF-B0712F09C995}.Debug|Any CPU.Build.0 = Debug|Any CPU
		{E4FD616C-BD7A-439C-82DF-B0712F09C995}.Release|Any CPU.ActiveCfg = Release|Any CPU
		{E4FD616C-BD7A-439C-82DF-B0712F09C995}.Release|Any CPU.Build.0 = Release|Any CPU
		{3A0240DE-2B25-4544-BB57-7E87887D2BC0}.Debug|Any CPU.ActiveCfg = Debug|Any CPU
		{3A0240DE-2B25-4544-BB57-7E87887D2BC0}.Debug|Any CPU.Build.0 = Debug|Any CPU
		{3A0240DE-2B25-4544-BB57-7E87887D2BC0}.Release|Any CPU.ActiveCfg = Release|Any CPU
		{3A0240DE-2B25-4544-BB57-7E87887D2BC0}.Release|Any CPU.Build.0 = Release|Any CPU
	EndGlobalSection
	GlobalSection(SolutionProperties) = preSolution
		HideSolutionNode = FALSE
	EndGlobalSection
	GlobalSection(NestedProjects) = preSolution
		{02E07036-AFF3-44C8-A8C4-D2A1937989D6} = {ECA574CF-590F-48E9-A227-7EC4F5CD2A4D}
		{9E3F4A90-3C5E-42E0-B1AD-D6AB61442242} = {02E07036-AFF3-44C8-A8C4-D2A1937989D6}
		{56A93BDC-1627-4B69-A84F-D0BB18671958} = {ECA574CF-590F-48E9-A227-7EC4F5CD2A4D}
		{23EA6D0B-18AC-424E-A96D-A3947A412C5C} = {56A93BDC-1627-4B69-A84F-D0BB18671958}
		{461BD6DA-40AD-461F-9F49-9DA007E983EB} = {ECA574CF-590F-48E9-A227-7EC4F5CD2A4D}
		{2C0D1ECB-C51B-4698-933D-55328A13FE13} = {D20A8643-B101-471B-B03A-F0E5278FD2C3}
		{653EA582-93CC-434B-A294-022ED88763BA} = {ECA574CF-590F-48E9-A227-7EC4F5CD2A4D}
		{60B4C51D-02F5-4132-898C-05B701711C9B} = {ECA574CF-590F-48E9-A227-7EC4F5CD2A4D}
		{A73692BD-C953-45B8-AE66-6864D8997E84} = {653EA582-93CC-434B-A294-022ED88763BA}
		{9C45BCB5-0882-40DB-8178-8C5804824FAC} = {60B4C51D-02F5-4132-898C-05B701711C9B}
		{E4FD616C-BD7A-439C-82DF-B0712F09C995} = {D20A8643-B101-471B-B03A-F0E5278FD2C3}
		{3A0240DE-2B25-4544-BB57-7E87887D2BC0} = {461BD6DA-40AD-461F-9F49-9DA007E983EB}
	EndGlobalSection
	GlobalSection(ExtensibilityGlobals) = postSolution
		SolutionGuid = {59A68B8D-F61D-4838-927D-FC5A7BA86A16}
	EndGlobalSection
EndGlobal
